# THIS IS AN AUTOGENERATED FILE. DO NOT EDIT THIS FILE DIRECTLY.
# yarn lockfile v1


<<<<<<< HEAD
"dependency-env@git+https://github.com/npm-ml/dependency-env.git":
  version "0.1.1"
  resolved "git+https://github.com/npm-ml/dependency-env.git#94c75aff3a71587afb570d89bcf2eef7996bb67f"
  dependencies:
    resolve "^1.1.7"

libffi@^3.2.11:
  version "3.2.11"
  resolved "https://registry.yarnpkg.com/libffi/-/libffi-3.2.11.tgz#4d1d94dacae6c511c434ea50cc5d62ddcc97461e"
  integrity sha1-TR2U2srmxRHENOpQzF1i3cyXRh4=
  dependencies:
    dependency-env "https://github.com/npm-ml/dependency-env.git"
    nopam "https://github.com/yunxing/nopam.git"

"nopam@git+https://github.com/yunxing/nopam.git":
  version "0.1.0"
  resolved "git+https://github.com/yunxing/nopam.git#7cd19f068ac9aaf75010cd6961f7c65c779a1d4a"

path-parse@^1.0.6:
  version "1.0.6"
  resolved "https://registry.yarnpkg.com/path-parse/-/path-parse-1.0.6.tgz#d62dbb5679405d72c4737ec58600e9ddcf06d24c"
  integrity sha512-GSmOT2EbHrINBf9SR7CDELwlJ8AENk3Qn7OikK4nFYAu3Ote2+JYNVvkpAEQm3/TLNEJFD/xZJjzyxg3KBWOzw==

resolve@^1.1.7:
  version "1.12.0"
  resolved "https://registry.yarnpkg.com/resolve/-/resolve-1.12.0.tgz#3fc644a35c84a48554609ff26ec52b66fa577df6"
  integrity sha512-B/dOmuoAik5bKcD6s6nXDCjzUKnaDvdkRyAk6rsmsKLipWj4797iothd7jmmUhWTfinVMU+wc56rYKsit2Qy4w==
  dependencies:
    path-parse "^1.0.6"
=======
bindings@1:
  version "1.5.0"
  resolved "https://registry.yarnpkg.com/bindings/-/bindings-1.5.0.tgz#10353c9e945334bc0511a6d90b38fbc7c9c504df"
  integrity sha512-p2q/t/mhvuOj/UeLlV6566GD/guowlr0hHxClI0W9m7MWYkL1F0hLo+0Aexs9HSPCtR1SXQ0TD3MMKrXZajbiQ==
  dependencies:
    file-uri-to-path "1.0.0"

bindings@~1.2.0:
  version "1.2.1"
  resolved "https://registry.yarnpkg.com/bindings/-/bindings-1.2.1.tgz#14ad6113812d2d37d72e67b4cacb4bb726505f11"
  integrity sha1-FK1hE4EtLTfXLme0ystLtyZQXxE=

debug@2:
  version "2.6.9"
  resolved "https://registry.yarnpkg.com/debug/-/debug-2.6.9.tgz#5d128515df134ff327e90a4c93f4e077a536341f"
  integrity sha512-bC7ElrdJaJnPbAP+1EotYvqZsb3ecl5wi6Bfi6BJTUcNowp6cvspg0jXznRTKDjm/E7AdgFBVeAPVMNcKGsHMA==
  dependencies:
    ms "2.0.0"

ffi@^2.3.0:
  version "2.3.0"
  resolved "https://registry.yarnpkg.com/ffi/-/ffi-2.3.0.tgz#fa1a7b3d85c0fa8c83d96947a64b5192bc47f858"
  integrity sha512-vkPA9Hf9CVuQ5HeMZykYvrZF2QNJ/iKGLkyDkisBnoOOFeFXZQhUPxBARPBIZMJVulvBI2R+jgofW03gyPpJcQ==
  dependencies:
    bindings "~1.2.0"
    debug "2"
    nan "2"
    ref "1"
    ref-struct "1"

file-uri-to-path@1.0.0:
  version "1.0.0"
  resolved "https://registry.yarnpkg.com/file-uri-to-path/-/file-uri-to-path-1.0.0.tgz#553a7b8446ff6f684359c445f1e37a05dacc33dd"
  integrity sha512-0Zt+s3L7Vf1biwWZ29aARiVYLx7iMGnEUl9x33fbB/j3jR81u/O2LbqK+Bm1CDSNDKVtJ/YjwY7TUd5SkeLQLw==

ms@2.0.0:
  version "2.0.0"
  resolved "https://registry.yarnpkg.com/ms/-/ms-2.0.0.tgz#5608aeadfc00be6c2901df5f9861788de0d597c8"
  integrity sha1-VgiurfwAvmwpAd9fmGF4jeDVl8g=

nan@2:
  version "2.14.0"
  resolved "https://registry.yarnpkg.com/nan/-/nan-2.14.0.tgz#7818f722027b2459a86f0295d434d1fc2336c52c"
  integrity sha512-INOFj37C7k3AfaNTtX8RhsTw7qRy7eLET14cROi9+5HAVbbHuIWUHEauBv5qT4Av2tWasiTY1Jw6puUNqRJXQg==

ref-struct@1:
  version "1.1.0"
  resolved "https://registry.yarnpkg.com/ref-struct/-/ref-struct-1.1.0.tgz#5d5ee65ad41cefc3a5c5feb40587261e479edc13"
  integrity sha1-XV7mWtQc78Olxf60BYcmHkee3BM=
  dependencies:
    debug "2"
    ref "1"

ref@1:
  version "1.3.5"
  resolved "https://registry.yarnpkg.com/ref/-/ref-1.3.5.tgz#0e33f080cdb94a3d95312b2b3b1fd0f82044ca0f"
  integrity sha512-2cBCniTtxcGUjDpvFfVpw323a83/0RLSGJJY5l5lcomZWhYpU2cuLdsvYqMixvsdLJ9+sTdzEkju8J8ZHDM2nA==
  dependencies:
    bindings "1"
    debug "2"
    nan "2"
>>>>>>> 3f477507e1eee652d833050e8451ef3f29b35a1c
